
Microsoft Visual Studio Solution File, Format Version 12.00
# Visual Studio Version 16
VisualStudioVersion = 16.0.31613.86
MinimumVisualStudioVersion = 10.0.40219.1
Project("{FAE04EC0-301F-11D3-BF4B-00C04F79EFBC}") = "KolmasHarjoitus", "KolmasHarjoitus\KolmasHarjoitus.csproj", "{B7646CA3-E852-4B74-B39D-F764E69A53F8}"
EndProject
Global
	GlobalSection(SolutionConfigurationPlatforms) = preSolution
		Debug|Any CPU = Debug|Any CPU
		Release|Any CPU = Release|Any CPU
	EndGlobalSection
	GlobalSection(ProjectConfigurationPlatforms) = postSolution
		{B7646CA3-E852-4B74-B39D-F764E69A53F8}.Debug|Any CPU.ActiveCfg = Debug|Any CPU
		{B7646CA3-E852-4B74-B39D-F764E69A53F8}.Debug|Any CPU.Build.0 = Debug|Any CPU
		{B7646CA3-E852-4B74-B39D-F764E69A53F8}.Release|Any CPU.ActiveCfg = Release|Any CPU
		{B7646CA3-E852-4B74-B39D-F764E69A53F8}.Release|Any CPU.Build.0 = Release|Any CPU
	EndGlobalSection
	GlobalSection(SolutionProperties) = preSolution
		HideSolutionNode = FALSE
	EndGlobalSection
	GlobalSection(ExtensibilityGlobals) = postSolution
		SolutionGuid = {84ED8203-4E21-4152-A624-95640B9D4FD2}
	EndGlobalSection
EndGlobal
